<?xml version="1.0" encoding="utf-8"?>
<Project ToolsVersion="4.0" xmlns="http://schemas.microsoft.com/developer/msbuild/2003">
  <ItemGroup>
    <Filter Include="engine">
      <UniqueIdentifier>{d218fc36-5d72-4e13-ac99-58bdf3ec8471}</UniqueIdentifier>
    </Filter>
    <Filter Include="engine\camera">
      <UniqueIdentifier>{f6dab6b1-0196-4539-adec-cbdcebe3d8c4}</UniqueIdentifier>
    </Filter>
    <Filter Include="engine\component">
      <UniqueIdentifier>{dc7368cd-6906-4253-b827-671ad29099cd}</UniqueIdentifier>
    </Filter>
  </ItemGroup>
  <ItemGroup>
    <ClCompile Include="..\src\engine\frameeventargs.cpp">
      <Filter>engine</Filter>
    </ClCompile>
    <ClCompile Include="..\src\engine\application.cpp">
      <Filter>engine</Filter>
    </ClCompile>
    <ClCompile Include="..\src\main.cpp" />
    <ClCompile Include="..\src\myapp.cpp" />
    <ClCompile Include="..\src\engine\camera\basecamera.cpp">
      <Filter>engine\camera</Filter>
    </ClCompile>
    <ClCompile Include="..\src\engine\component\transform.cpp">
      <Filter>engine\component</Filter>
    </ClCompile>
    <ClCompile Include="..\src\engine\event.cpp">
      <Filter>engine</Filter>
    </ClCompile>
    <ClCompile Include="..\src\engine\utils.cpp">
      <Filter>engine</Filter>
    </ClCompile>
  </ItemGroup>
  <ItemGroup>
    <ClInclude Include="..\src\engine\frameeventargs.h">
      <Filter>engine</Filter>
    </ClInclude>
    <ClInclude Include="..\src\engine\application.h">
      <Filter>engine</Filter>
    </ClInclude>
    <ClInclude Include="..\src\myapp.h" />
    <ClInclude Include="..\src\engine\camera\basecamera.h">
      <Filter>engine\camera</Filter>
    </ClInclude>
    <ClInclude Include="..\src\engine\component\transform.h">
      <Filter>engine\component</Filter>
    </ClInclude>
    <ClInclude Include="..\src\engine\utils.h">
      <Filter>engine</Filter>
    </ClInclude>
    <ClInclude Include="..\src\engine\event.h">
      <Filter>engine</Filter>
    </ClInclude>
  </ItemGroup>
</Project>