<?xml version="1.0" encoding="utf-8"?>
<Project ToolsVersion="4.0" xmlns="http://schemas.microsoft.com/developer/msbuild/2003">
  <ItemGroup>
    <Filter Include="engine">
      <UniqueIdentifier>{d218fc36-5d72-4e13-ac99-58bdf3ec8471}</UniqueIdentifier>
    </Filter>
    <Filter Include="engine\camera">
      <UniqueIdentifier>{f6dab6b1-0196-4539-adec-cbdcebe3d8c4}</UniqueIdentifier>
    </Filter>
    <Filter Include="app">
      <UniqueIdentifier>{379241dc-3e2c-4454-9474-e11264ca4e5b}</UniqueIdentifier>
    </Filter>
    <Filter Include="engine\gameobject">
      <UniqueIdentifier>{c2fe6552-5548-4c17-82e2-fe15d2b47a39}</UniqueIdentifier>
    </Filter>
  </ItemGroup>
  <ItemGroup>
    <ClCompile Include="..\src\engine\frameeventargs.cpp">
      <Filter>engine</Filter>
    </ClCompile>
    <ClCompile Include="..\src\engine\application.cpp">
      <Filter>engine</Filter>
    </ClCompile>
    <ClCompile Include="..\src\main.cpp" />
    <ClCompile Include="..\src\engine\camera\basecamera.cpp">
      <Filter>engine\camera</Filter>
    </ClCompile>
    <ClCompile Include="..\src\engine\utils.cpp">
      <Filter>engine</Filter>
    </ClCompile>
    <ClCompile Include="..\src\app\myapp.cpp">
      <Filter>app</Filter>
    </ClCompile>
    <ClCompile Include="..\src\app\water.cpp">
      <Filter>app</Filter>
    </ClCompile>
    <ClCompile Include="..\src\precompile.cpp" />
    <ClCompile Include="..\src\app\wave.cpp">
      <Filter>app</Filter>
    </ClCompile>
    <ClCompile Include="..\src\app\obj.c">
      <Filter>app</Filter>
    </ClCompile>
    <ClCompile Include="..\src\app\ship.cpp">
      <Filter>app</Filter>
    </ClCompile>
    <ClCompile Include="..\src\engine\command.cpp">
      <Filter>engine</Filter>
    </ClCompile>
    <ClCompile Include="..\src\engine\gameobject\componentset.cpp">
      <Filter>engine\gameobject</Filter>
    </ClCompile>
  </ItemGroup>
  <ItemGroup>
    <ClInclude Include="..\src\engine\frameeventargs.h">
      <Filter>engine</Filter>
    </ClInclude>
    <ClInclude Include="..\src\engine\application.h">
      <Filter>engine</Filter>
    </ClInclude>
    <ClInclude Include="..\src\engine\camera\basecamera.h">
      <Filter>engine\camera</Filter>
    </ClInclude>
    <ClInclude Include="..\src\engine\utils.h">
      <Filter>engine</Filter>
    </ClInclude>
    <ClInclude Include="..\src\app\myapp.h">
      <Filter>app</Filter>
    </ClInclude>
    <ClInclude Include="..\src\app\water.h">
      <Filter>app</Filter>
    </ClInclude>
    <ClInclude Include="..\src\precompile.h" />
    <ClInclude Include="..\src\app\wave.h">
      <Filter>app</Filter>
    </ClInclude>
    <ClInclude Include="..\src\app\obj.h">
      <Filter>app</Filter>
    </ClInclude>
    <ClInclude Include="..\src\app\uthash.h">
      <Filter>app</Filter>
    </ClInclude>
    <ClInclude Include="..\src\app\ship.h">
      <Filter>app</Filter>
    </ClInclude>
    <ClInclude Include="..\src\engine\command.h">
      <Filter>engine</Filter>
    </ClInclude>
    <ClInclude Include="..\src\engine\gameobject\basegameobject.h">
      <Filter>engine\gameobject</Filter>
    </ClInclude>
    <ClInclude Include="..\src\engine\gameobject\componentset.h">
      <Filter>engine\gameobject</Filter>
    </ClInclude>
    <ClInclude Include="..\src\engine\gameobject\basecomponent.h">
      <Filter>engine\gameobject</Filter>
    </ClInclude>
    <ClInclude Include="..\src\engine\object.h">
      <Filter>engine</Filter>
    </ClInclude>
  </ItemGroup>
</Project>